// !$*UTF8*$!
{
	archiveVersion = 1;
	classes = {
	};
	objectVersion = 55;
	objects = {

/* Begin PBXBuildFile section */
		DA216001279B052F0076BBA0 /* XCoordinator in Frameworks */ = {isa = PBXBuildFile; productRef = DA216000279B052F0076BBA0 /* XCoordinator */; };
		DA216004279B05590076BBA0 /* web3swift in Frameworks */ = {isa = PBXBuildFile; productRef = DA216003279B05590076BBA0 /* web3swift */; };
		DA216007279B0D9D0076BBA0 /* StartViewModel.swift in Sources */ = {isa = PBXBuildFile; fileRef = DA216006279B0D9D0076BBA0 /* StartViewModel.swift */; };
		DA21600A27A0342F0076BBA0 /* CreateWalletViewController.swift in Sources */ = {isa = PBXBuildFile; fileRef = DA21600927A0342F0076BBA0 /* CreateWalletViewController.swift */; };
		DA21600C27A0343D0076BBA0 /* CreateWalletViewModel.swift in Sources */ = {isa = PBXBuildFile; fileRef = DA21600B27A0343D0076BBA0 /* CreateWalletViewModel.swift */; };
		DA505E3B279AFEDD00D322FD /* MainCoordinator.swift in Sources */ = {isa = PBXBuildFile; fileRef = DA505E3A279AFEDD00D322FD /* MainCoordinator.swift */; };
		DA505E3E279AFF8700D322FD /* UIViewController.swift in Sources */ = {isa = PBXBuildFile; fileRef = DA505E3D279AFF8700D322FD /* UIViewController.swift */; };
		DA5E14DE27A0384D00FFA107 /* Constants.swift in Sources */ = {isa = PBXBuildFile; fileRef = DA5E14DD27A0384D00FFA107 /* Constants.swift */; };
		DA696CF727999B2C00801F0F /* AppDelegate.swift in Sources */ = {isa = PBXBuildFile; fileRef = DA696CF627999B2C00801F0F /* AppDelegate.swift */; };
		DA696CF927999B2C00801F0F /* SceneDelegate.swift in Sources */ = {isa = PBXBuildFile; fileRef = DA696CF827999B2C00801F0F /* SceneDelegate.swift */; };
		DA696CFB27999B2C00801F0F /* StartViewController.swift in Sources */ = {isa = PBXBuildFile; fileRef = DA696CFA27999B2C00801F0F /* StartViewController.swift */; };
		DA696CFE27999B2C00801F0F /* Main.storyboard in Resources */ = {isa = PBXBuildFile; fileRef = DA696CFC27999B2C00801F0F /* Main.storyboard */; };
		DA696D0027999B2D00801F0F /* Assets.xcassets in Resources */ = {isa = PBXBuildFile; fileRef = DA696CFF27999B2D00801F0F /* Assets.xcassets */; };
		DA696D0327999B2D00801F0F /* LaunchScreen.storyboard in Resources */ = {isa = PBXBuildFile; fileRef = DA696D0127999B2D00801F0F /* LaunchScreen.storyboard */; };
		DAA630F527A1968D004191DB /* KeychainSwift in Frameworks */ = {isa = PBXBuildFile; productRef = DAA630F427A1968D004191DB /* KeychainSwift */; };
		DAA630F827A1972D004191DB /* DataManager.swift in Sources */ = {isa = PBXBuildFile; fileRef = DAA630F727A1972D004191DB /* DataManager.swift */; };
		DAA630FB27A1A027004191DB /* Wallet.swift in Sources */ = {isa = PBXBuildFile; fileRef = DAA630FA27A1A027004191DB /* Wallet.swift */; };
		DAC468FD27A2A95A00893C26 /* MnemonicPhraseViewController.swift in Sources */ = {isa = PBXBuildFile; fileRef = DAC468FC27A2A95A00893C26 /* MnemonicPhraseViewController.swift */; };
		DAC468FF27A2AADC00893C26 /* MnemonicPhraseViewModel.swift in Sources */ = {isa = PBXBuildFile; fileRef = DAC468FE27A2AADC00893C26 /* MnemonicPhraseViewModel.swift */; };
		DAC4690227A2BC5C00893C26 /* BalanceViewController.swift in Sources */ = {isa = PBXBuildFile; fileRef = DAC4690127A2BC5C00893C26 /* BalanceViewController.swift */; };
		DAC4690427A2BC6600893C26 /* BalanceViewModel.swift in Sources */ = {isa = PBXBuildFile; fileRef = DAC4690327A2BC6600893C26 /* BalanceViewModel.swift */; };
		DAC4690627A2E83B00893C26 /* AccountManager.swift in Sources */ = {isa = PBXBuildFile; fileRef = DAC4690527A2E83B00893C26 /* AccountManager.swift */; };
		DAC4690927A32A7800893C26 /* ImportWalletViewController.swift in Sources */ = {isa = PBXBuildFile; fileRef = DAC4690827A32A7800893C26 /* ImportWalletViewController.swift */; };
		DAC4690B27A32A8900893C26 /* ImportWalletViewModel.swift in Sources */ = {isa = PBXBuildFile; fileRef = DAC4690A27A32A8900893C26 /* ImportWalletViewModel.swift */; };
		DAC4690E27A406DB00893C26 /* SendBalanceViewController.swift in Sources */ = {isa = PBXBuildFile; fileRef = DAC4690D27A406DB00893C26 /* SendBalanceViewController.swift */; };
		DAC4691027A406E400893C26 /* SendBalanceViewModel.swift in Sources */ = {isa = PBXBuildFile; fileRef = DAC4690F27A406E400893C26 /* SendBalanceViewModel.swift */; };
		DAC4691327A4136D00893C26 /* WalletsViewController.swift in Sources */ = {isa = PBXBuildFile; fileRef = DAC4691227A4136D00893C26 /* WalletsViewController.swift */; };
		DAC4691527A4137400893C26 /* WalletsViewModel.swift in Sources */ = {isa = PBXBuildFile; fileRef = DAC4691427A4137400893C26 /* WalletsViewModel.swift */; };
		DAC4691A27A41F3400893C26 /* WalletsTableViewCell.swift in Sources */ = {isa = PBXBuildFile; fileRef = DAC4691827A41F3400893C26 /* WalletsTableViewCell.swift */; };
		DAC4691B27A41F3400893C26 /* WalletsTableViewCell.xib in Resources */ = {isa = PBXBuildFile; fileRef = DAC4691927A41F3400893C26 /* WalletsTableViewCell.xib */; };
		DAC4691F27A42A4A00893C26 /* Collection.swift in Sources */ = {isa = PBXBuildFile; fileRef = DAC4691E27A42A4A00893C26 /* Collection.swift */; };
/* End PBXBuildFile section */

/* Begin PBXFileReference section */
		DA216006279B0D9D0076BBA0 /* StartViewModel.swift */ = {isa = PBXFileReference; lastKnownFileType = sourcecode.swift; path = StartViewModel.swift; sourceTree = "<group>"; };
		DA21600927A0342F0076BBA0 /* CreateWalletViewController.swift */ = {isa = PBXFileReference; lastKnownFileType = sourcecode.swift; path = CreateWalletViewController.swift; sourceTree = "<group>"; };
		DA21600B27A0343D0076BBA0 /* CreateWalletViewModel.swift */ = {isa = PBXFileReference; lastKnownFileType = sourcecode.swift; path = CreateWalletViewModel.swift; sourceTree = "<group>"; };
		DA505E3A279AFEDD00D322FD /* MainCoordinator.swift */ = {isa = PBXFileReference; lastKnownFileType = sourcecode.swift; path = MainCoordinator.swift; sourceTree = "<group>"; };
		DA505E3D279AFF8700D322FD /* UIViewController.swift */ = {isa = PBXFileReference; lastKnownFileType = sourcecode.swift; path = UIViewController.swift; sourceTree = "<group>"; };
		DA5E14DD27A0384D00FFA107 /* Constants.swift */ = {isa = PBXFileReference; lastKnownFileType = sourcecode.swift; path = Constants.swift; sourceTree = "<group>"; };
		DA696CF327999B2C00801F0F /* HDWalletDemo.app */ = {isa = PBXFileReference; explicitFileType = wrapper.application; includeInIndex = 0; path = HDWalletDemo.app; sourceTree = BUILT_PRODUCTS_DIR; };
		DA696CF627999B2C00801F0F /* AppDelegate.swift */ = {isa = PBXFileReference; lastKnownFileType = sourcecode.swift; path = AppDelegate.swift; sourceTree = "<group>"; };
		DA696CF827999B2C00801F0F /* SceneDelegate.swift */ = {isa = PBXFileReference; lastKnownFileType = sourcecode.swift; path = SceneDelegate.swift; sourceTree = "<group>"; };
		DA696CFA27999B2C00801F0F /* StartViewController.swift */ = {isa = PBXFileReference; lastKnownFileType = sourcecode.swift; path = StartViewController.swift; sourceTree = "<group>"; };
		DA696CFD27999B2C00801F0F /* Base */ = {isa = PBXFileReference; lastKnownFileType = file.storyboard; name = Base; path = Base.lproj/Main.storyboard; sourceTree = "<group>"; };
		DA696CFF27999B2D00801F0F /* Assets.xcassets */ = {isa = PBXFileReference; lastKnownFileType = folder.assetcatalog; path = Assets.xcassets; sourceTree = "<group>"; };
		DA696D0227999B2D00801F0F /* Base */ = {isa = PBXFileReference; lastKnownFileType = file.storyboard; name = Base; path = Base.lproj/LaunchScreen.storyboard; sourceTree = "<group>"; };
		DA696D0427999B2D00801F0F /* Info.plist */ = {isa = PBXFileReference; lastKnownFileType = text.plist.xml; path = Info.plist; sourceTree = "<group>"; };
		DAA630F727A1972D004191DB /* DataManager.swift */ = {isa = PBXFileReference; lastKnownFileType = sourcecode.swift; path = DataManager.swift; sourceTree = "<group>"; };
		DAA630FA27A1A027004191DB /* Wallet.swift */ = {isa = PBXFileReference; lastKnownFileType = sourcecode.swift; path = Wallet.swift; sourceTree = "<group>"; };
		DAC468FC27A2A95A00893C26 /* MnemonicPhraseViewController.swift */ = {isa = PBXFileReference; lastKnownFileType = sourcecode.swift; path = MnemonicPhraseViewController.swift; sourceTree = "<group>"; };
		DAC468FE27A2AADC00893C26 /* MnemonicPhraseViewModel.swift */ = {isa = PBXFileReference; lastKnownFileType = sourcecode.swift; path = MnemonicPhraseViewModel.swift; sourceTree = "<group>"; };
		DAC4690127A2BC5C00893C26 /* BalanceViewController.swift */ = {isa = PBXFileReference; lastKnownFileType = sourcecode.swift; path = BalanceViewController.swift; sourceTree = "<group>"; };
		DAC4690327A2BC6600893C26 /* BalanceViewModel.swift */ = {isa = PBXFileReference; lastKnownFileType = sourcecode.swift; path = BalanceViewModel.swift; sourceTree = "<group>"; };
		DAC4690527A2E83B00893C26 /* AccountManager.swift */ = {isa = PBXFileReference; lastKnownFileType = sourcecode.swift; path = AccountManager.swift; sourceTree = "<group>"; };
		DAC4690827A32A7800893C26 /* ImportWalletViewController.swift */ = {isa = PBXFileReference; lastKnownFileType = sourcecode.swift; path = ImportWalletViewController.swift; sourceTree = "<group>"; };
		DAC4690A27A32A8900893C26 /* ImportWalletViewModel.swift */ = {isa = PBXFileReference; lastKnownFileType = sourcecode.swift; path = ImportWalletViewModel.swift; sourceTree = "<group>"; };
		DAC4690D27A406DB00893C26 /* SendBalanceViewController.swift */ = {isa = PBXFileReference; lastKnownFileType = sourcecode.swift; path = SendBalanceViewController.swift; sourceTree = "<group>"; };
		DAC4690F27A406E400893C26 /* SendBalanceViewModel.swift */ = {isa = PBXFileReference; lastKnownFileType = sourcecode.swift; path = SendBalanceViewModel.swift; sourceTree = "<group>"; };
		DAC4691227A4136D00893C26 /* WalletsViewController.swift */ = {isa = PBXFileReference; lastKnownFileType = sourcecode.swift; path = WalletsViewController.swift; sourceTree = "<group>"; };
		DAC4691427A4137400893C26 /* WalletsViewModel.swift */ = {isa = PBXFileReference; lastKnownFileType = sourcecode.swift; path = WalletsViewModel.swift; sourceTree = "<group>"; };
		DAC4691827A41F3400893C26 /* WalletsTableViewCell.swift */ = {isa = PBXFileReference; lastKnownFileType = sourcecode.swift; path = WalletsTableViewCell.swift; sourceTree = "<group>"; };
		DAC4691927A41F3400893C26 /* WalletsTableViewCell.xib */ = {isa = PBXFileReference; lastKnownFileType = file.xib; path = WalletsTableViewCell.xib; sourceTree = "<group>"; };
		DAC4691E27A42A4A00893C26 /* Collection.swift */ = {isa = PBXFileReference; lastKnownFileType = sourcecode.swift; path = Collection.swift; sourceTree = "<group>"; };
/* End PBXFileReference section */

/* Begin PBXFrameworksBuildPhase section */
		DA696CF027999B2C00801F0F /* Frameworks */ = {
			isa = PBXFrameworksBuildPhase;
			buildActionMask = 2147483647;
			files = (
				DAA630F527A1968D004191DB /* KeychainSwift in Frameworks */,
				DA216001279B052F0076BBA0 /* XCoordinator in Frameworks */,
				DA216004279B05590076BBA0 /* web3swift in Frameworks */,
			);
			runOnlyForDeploymentPostprocessing = 0;
		};
/* End PBXFrameworksBuildPhase section */

/* Begin PBXGroup section */
		DA216005279B0D6B0076BBA0 /* Start */ = {
			isa = PBXGroup;
			children = (
				DA696CFA27999B2C00801F0F /* StartViewController.swift */,
				DA216006279B0D9D0076BBA0 /* StartViewModel.swift */,
			);
			path = Start;
			sourceTree = "<group>";
		};
		DA21600827A034020076BBA0 /* CreateWallet */ = {
			isa = PBXGroup;
			children = (
				DA21600927A0342F0076BBA0 /* CreateWalletViewController.swift */,
				DA21600B27A0343D0076BBA0 /* CreateWalletViewModel.swift */,
			);
			path = CreateWallet;
			sourceTree = "<group>";
		};
		DA505E3C279AFF7B00D322FD /* Extensions */ = {
			isa = PBXGroup;
			children = (
				DA505E3D279AFF8700D322FD /* UIViewController.swift */,
				DAC4691E27A42A4A00893C26 /* Collection.swift */,
			);
			path = Extensions;
			sourceTree = "<group>";
		};
		DA505E3F279AFFFC00D322FD /* App */ = {
			isa = PBXGroup;
			children = (
				DA696D0127999B2D00801F0F /* LaunchScreen.storyboard */,
				DA696CF627999B2C00801F0F /* AppDelegate.swift */,
				DA696CF827999B2C00801F0F /* SceneDelegate.swift */,
			);
			path = App;
			sourceTree = "<group>";
		};
		DA505E40279B001700D322FD /* Supporting files */ = {
			isa = PBXGroup;
			children = (
				DA696D0427999B2D00801F0F /* Info.plist */,
				DA696CFF27999B2D00801F0F /* Assets.xcassets */,
				DA5E14DD27A0384D00FFA107 /* Constants.swift */,
			);
			path = "Supporting files";
			sourceTree = "<group>";
		};
		DA696CEA27999B2C00801F0F = {
			isa = PBXGroup;
			children = (
				DA696CF527999B2C00801F0F /* HDWalletDemo */,
				DA696CF427999B2C00801F0F /* Products */,
			);
			sourceTree = "<group>";
		};
		DA696CF427999B2C00801F0F /* Products */ = {
			isa = PBXGroup;
			children = (
				DA696CF327999B2C00801F0F /* HDWalletDemo.app */,
			);
			name = Products;
			sourceTree = "<group>";
		};
		DA696CF527999B2C00801F0F /* HDWalletDemo */ = {
			isa = PBXGroup;
			children = (
				DAA630F927A1A01A004191DB /* Models */,
				DAA630F627A1971A004191DB /* Managers */,
				DA505E3F279AFFFC00D322FD /* App */,
				DA505E3C279AFF7B00D322FD /* Extensions */,
				DA696D0D279AFC1F00801F0F /* Scenes */,
				DA505E40279B001700D322FD /* Supporting files */,
			);
			path = HDWalletDemo;
			sourceTree = "<group>";
		};
		DA696D0D279AFC1F00801F0F /* Scenes */ = {
			isa = PBXGroup;
			children = (
				DA696CFC27999B2C00801F0F /* Main.storyboard */,
				DA505E3A279AFEDD00D322FD /* MainCoordinator.swift */,
				DA216005279B0D6B0076BBA0 /* Start */,
				DA21600827A034020076BBA0 /* CreateWallet */,
				DAC4690727A32A5B00893C26 /* ImportWallet */,
				DAC468FB27A2A93000893C26 /* MnemonicPhrase */,
				DAC4691127A4135400893C26 /* Wallets */,
				DAC4690027A2BC3C00893C26 /* Balance */,
				DAC4690C27A406C100893C26 /* SendBalance */,
			);
			path = Scenes;
			sourceTree = "<group>";
		};
		DAA630F627A1971A004191DB /* Managers */ = {
			isa = PBXGroup;
			children = (
				DAA630F727A1972D004191DB /* DataManager.swift */,
				DAC4690527A2E83B00893C26 /* AccountManager.swift */,
			);
			path = Managers;
			sourceTree = "<group>";
		};
		DAA630F927A1A01A004191DB /* Models */ = {
			isa = PBXGroup;
			children = (
				DAA630FA27A1A027004191DB /* Wallet.swift */,
			);
			path = Models;
			sourceTree = "<group>";
		};
		DAC468FB27A2A93000893C26 /* MnemonicPhrase */ = {
			isa = PBXGroup;
			children = (
				DAC468FC27A2A95A00893C26 /* MnemonicPhraseViewController.swift */,
				DAC468FE27A2AADC00893C26 /* MnemonicPhraseViewModel.swift */,
			);
			path = MnemonicPhrase;
			sourceTree = "<group>";
		};
		DAC4690027A2BC3C00893C26 /* Balance */ = {
			isa = PBXGroup;
			children = (
				DAC4690127A2BC5C00893C26 /* BalanceViewController.swift */,
				DAC4690327A2BC6600893C26 /* BalanceViewModel.swift */,
			);
			path = Balance;
			sourceTree = "<group>";
		};
		DAC4690727A32A5B00893C26 /* ImportWallet */ = {
			isa = PBXGroup;
			children = (
				DAC4690827A32A7800893C26 /* ImportWalletViewController.swift */,
				DAC4690A27A32A8900893C26 /* ImportWalletViewModel.swift */,
			);
			path = ImportWallet;
			sourceTree = "<group>";
		};
		DAC4690C27A406C100893C26 /* SendBalance */ = {
			isa = PBXGroup;
			children = (
				DAC4690D27A406DB00893C26 /* SendBalanceViewController.swift */,
				DAC4690F27A406E400893C26 /* SendBalanceViewModel.swift */,
			);
			path = SendBalance;
			sourceTree = "<group>";
		};
		DAC4691127A4135400893C26 /* Wallets */ = {
			isa = PBXGroup;
			children = (
				DAC4691227A4136D00893C26 /* WalletsViewController.swift */,
				DAC4691427A4137400893C26 /* WalletsViewModel.swift */,
				DAC4691827A41F3400893C26 /* WalletsTableViewCell.swift */,
				DAC4691927A41F3400893C26 /* WalletsTableViewCell.xib */,
			);
			path = Wallets;
			sourceTree = "<group>";
		};
/* End PBXGroup section */

/* Begin PBXNativeTarget section */
		DA696CF227999B2C00801F0F /* HDWalletDemo */ = {
			isa = PBXNativeTarget;
			buildConfigurationList = DA696D0727999B2D00801F0F /* Build configuration list for PBXNativeTarget "HDWalletDemo" */;
			buildPhases = (
				DA696CEF27999B2C00801F0F /* Sources */,
				DA696CF027999B2C00801F0F /* Frameworks */,
				DA696CF127999B2C00801F0F /* Resources */,
			);
			buildRules = (
			);
			dependencies = (
			);
			name = HDWalletDemo;
			packageProductDependencies = (
				DA216000279B052F0076BBA0 /* XCoordinator */,
				DA216003279B05590076BBA0 /* web3swift */,
				DAA630F427A1968D004191DB /* KeychainSwift */,
			);
			productName = HDWalletDemo;
			productReference = DA696CF327999B2C00801F0F /* HDWalletDemo.app */;
			productType = "com.apple.product-type.application";
		};
/* End PBXNativeTarget section */

/* Begin PBXProject section */
		DA696CEB27999B2C00801F0F /* Project object */ = {
			isa = PBXProject;
			attributes = {
				BuildIndependentTargetsInParallel = 1;
				LastSwiftUpdateCheck = 1320;
				LastUpgradeCheck = 1320;
				TargetAttributes = {
					DA696CF227999B2C00801F0F = {
						CreatedOnToolsVersion = 13.2.1;
					};
				};
			};
			buildConfigurationList = DA696CEE27999B2C00801F0F /* Build configuration list for PBXProject "HDWalletDemo" */;
			compatibilityVersion = "Xcode 13.0";
			developmentRegion = en;
			hasScannedForEncodings = 0;
			knownRegions = (
				en,
				Base,
			);
			mainGroup = DA696CEA27999B2C00801F0F;
			packageReferences = (
				DA215FFF279B052F0076BBA0 /* XCRemoteSwiftPackageReference "XCoordinator" */,
				DA216002279B05590076BBA0 /* XCRemoteSwiftPackageReference "web3swift" */,
				DAA630F327A1968D004191DB /* XCRemoteSwiftPackageReference "keychain-swift" */,
			);
			productRefGroup = DA696CF427999B2C00801F0F /* Products */;
			projectDirPath = "";
			projectRoot = "";
			targets = (
				DA696CF227999B2C00801F0F /* HDWalletDemo */,
			);
		};
/* End PBXProject section */

/* Begin PBXResourcesBuildPhase section */
		DA696CF127999B2C00801F0F /* Resources */ = {
			isa = PBXResourcesBuildPhase;
			buildActionMask = 2147483647;
			files = (
				DAC4691B27A41F3400893C26 /* WalletsTableViewCell.xib in Resources */,
				DA696D0327999B2D00801F0F /* LaunchScreen.storyboard in Resources */,
				DA696D0027999B2D00801F0F /* Assets.xcassets in Resources */,
				DA696CFE27999B2C00801F0F /* Main.storyboard in Resources */,
			);
			runOnlyForDeploymentPostprocessing = 0;
		};
/* End PBXResourcesBuildPhase section */

/* Begin PBXSourcesBuildPhase section */
		DA696CEF27999B2C00801F0F /* Sources */ = {
			isa = PBXSourcesBuildPhase;
			buildActionMask = 2147483647;
			files = (
				DA696CFB27999B2C00801F0F /* StartViewController.swift in Sources */,
				DAA630F827A1972D004191DB /* DataManager.swift in Sources */,
				DA21600A27A0342F0076BBA0 /* CreateWalletViewController.swift in Sources */,
				DAA630FB27A1A027004191DB /* Wallet.swift in Sources */,
				DA505E3B279AFEDD00D322FD /* MainCoordinator.swift in Sources */,
				DAC4690227A2BC5C00893C26 /* BalanceViewController.swift in Sources */,
				DAC4691327A4136D00893C26 /* WalletsViewController.swift in Sources */,
				DA696CF727999B2C00801F0F /* AppDelegate.swift in Sources */,
				DAC4690627A2E83B00893C26 /* AccountManager.swift in Sources */,
				DA696CF927999B2C00801F0F /* SceneDelegate.swift in Sources */,
				DA505E3E279AFF8700D322FD /* UIViewController.swift in Sources */,
				DAC4690E27A406DB00893C26 /* SendBalanceViewController.swift in Sources */,
				DAC4690B27A32A8900893C26 /* ImportWalletViewModel.swift in Sources */,
				DA216007279B0D9D0076BBA0 /* StartViewModel.swift in Sources */,
				DAC4691027A406E400893C26 /* SendBalanceViewModel.swift in Sources */,
				DAC4691F27A42A4A00893C26 /* Collection.swift in Sources */,
				DAC468FD27A2A95A00893C26 /* MnemonicPhraseViewController.swift in Sources */,
				DAC4691A27A41F3400893C26 /* WalletsTableViewCell.swift in Sources */,
				DA21600C27A0343D0076BBA0 /* CreateWalletViewModel.swift in Sources */,
				DA5E14DE27A0384D00FFA107 /* Constants.swift in Sources */,
				DAC4690427A2BC6600893C26 /* BalanceViewModel.swift in Sources */,
				DAC4691527A4137400893C26 /* WalletsViewModel.swift in Sources */,
				DAC468FF27A2AADC00893C26 /* MnemonicPhraseViewModel.swift in Sources */,
				DAC4690927A32A7800893C26 /* ImportWalletViewController.swift in Sources */,
			);
			runOnlyForDeploymentPostprocessing = 0;
		};
/* End PBXSourcesBuildPhase section */

/* Begin PBXVariantGroup section */
		DA696CFC27999B2C00801F0F /* Main.storyboard */ = {
			isa = PBXVariantGroup;
			children = (
				DA696CFD27999B2C00801F0F /* Base */,
			);
			name = Main.storyboard;
			sourceTree = "<group>";
		};
		DA696D0127999B2D00801F0F /* LaunchScreen.storyboard */ = {
			isa = PBXVariantGroup;
			children = (
				DA696D0227999B2D00801F0F /* Base */,
			);
			name = LaunchScreen.storyboard;
			sourceTree = "<group>";
		};
/* End PBXVariantGroup section */

/* Begin XCBuildConfiguration section */
		DA696D0527999B2D00801F0F /* Debug */ = {
			isa = XCBuildConfiguration;
			buildSettings = {
				ALWAYS_SEARCH_USER_PATHS = NO;
				CLANG_ANALYZER_NONNULL = YES;
				CLANG_ANALYZER_NUMBER_OBJECT_CONVERSION = YES_AGGRESSIVE;
				CLANG_CXX_LANGUAGE_STANDARD = "gnu++17";
				CLANG_CXX_LIBRARY = "libc++";
				CLANG_ENABLE_MODULES = YES;
				CLANG_ENABLE_OBJC_ARC = YES;
				CLANG_ENABLE_OBJC_WEAK = YES;
				CLANG_WARN_BLOCK_CAPTURE_AUTORELEASING = YES;
				CLANG_WARN_BOOL_CONVERSION = YES;
				CLANG_WARN_COMMA = YES;
				CLANG_WARN_CONSTANT_CONVERSION = YES;
				CLANG_WARN_DEPRECATED_OBJC_IMPLEMENTATIONS = YES;
				CLANG_WARN_DIRECT_OBJC_ISA_USAGE = YES_ERROR;
				CLANG_WARN_DOCUMENTATION_COMMENTS = YES;
				CLANG_WARN_EMPTY_BODY = YES;
				CLANG_WARN_ENUM_CONVERSION = YES;
				CLANG_WARN_INFINITE_RECURSION = YES;
				CLANG_WARN_INT_CONVERSION = YES;
				CLANG_WARN_NON_LITERAL_NULL_CONVERSION = YES;
				CLANG_WARN_OBJC_IMPLICIT_RETAIN_SELF = YES;
				CLANG_WARN_OBJC_LITERAL_CONVERSION = YES;
				CLANG_WARN_OBJC_ROOT_CLASS = YES_ERROR;
				CLANG_WARN_QUOTED_INCLUDE_IN_FRAMEWORK_HEADER = YES;
				CLANG_WARN_RANGE_LOOP_ANALYSIS = YES;
				CLANG_WARN_STRICT_PROTOTYPES = YES;
				CLANG_WARN_SUSPICIOUS_MOVE = YES;
				CLANG_WARN_UNGUARDED_AVAILABILITY = YES_AGGRESSIVE;
				CLANG_WARN_UNREACHABLE_CODE = YES;
				CLANG_WARN__DUPLICATE_METHOD_MATCH = YES;
				COPY_PHASE_STRIP = NO;
				DEBUG_INFORMATION_FORMAT = dwarf;
				ENABLE_STRICT_OBJC_MSGSEND = YES;
				ENABLE_TESTABILITY = YES;
				GCC_C_LANGUAGE_STANDARD = gnu11;
				GCC_DYNAMIC_NO_PIC = NO;
				GCC_NO_COMMON_BLOCKS = YES;
				GCC_OPTIMIZATION_LEVEL = 0;
				GCC_PREPROCESSOR_DEFINITIONS = (
					"DEBUG=1",
					"$(inherited)",
				);
				GCC_WARN_64_TO_32_BIT_CONVERSION = YES;
				GCC_WARN_ABOUT_RETURN_TYPE = YES_ERROR;
				GCC_WARN_UNDECLARED_SELECTOR = YES;
				GCC_WARN_UNINITIALIZED_AUTOS = YES_AGGRESSIVE;
				GCC_WARN_UNUSED_FUNCTION = YES;
				GCC_WARN_UNUSED_VARIABLE = YES;
				INFOPLIST_FILE = "HDWalletDemo/Supporting files/Info.plist";
				IPHONEOS_DEPLOYMENT_TARGET = 15.2;
				MTL_ENABLE_DEBUG_INFO = INCLUDE_SOURCE;
				MTL_FAST_MATH = YES;
				ONLY_ACTIVE_ARCH = YES;
				SDKROOT = iphoneos;
				SWIFT_ACTIVE_COMPILATION_CONDITIONS = DEBUG;
				SWIFT_OPTIMIZATION_LEVEL = "-Onone";
			};
			name = Debug;
		};
		DA696D0627999B2D00801F0F /* Release */ = {
			isa = XCBuildConfiguration;
			buildSettings = {
				ALWAYS_SEARCH_USER_PATHS = NO;
				CLANG_ANALYZER_NONNULL = YES;
				CLANG_ANALYZER_NUMBER_OBJECT_CONVERSION = YES_AGGRESSIVE;
				CLANG_CXX_LANGUAGE_STANDARD = "gnu++17";
				CLANG_CXX_LIBRARY = "libc++";
				CLANG_ENABLE_MODULES = YES;
				CLANG_ENABLE_OBJC_ARC = YES;
				CLANG_ENABLE_OBJC_WEAK = YES;
				CLANG_WARN_BLOCK_CAPTURE_AUTORELEASING = YES;
				CLANG_WARN_BOOL_CONVERSION = YES;
				CLANG_WARN_COMMA = YES;
				CLANG_WARN_CONSTANT_CONVERSION = YES;
				CLANG_WARN_DEPRECATED_OBJC_IMPLEMENTATIONS = YES;
				CLANG_WARN_DIRECT_OBJC_ISA_USAGE = YES_ERROR;
				CLANG_WARN_DOCUMENTATION_COMMENTS = YES;
				CLANG_WARN_EMPTY_BODY = YES;
				CLANG_WARN_ENUM_CONVERSION = YES;
				CLANG_WARN_INFINITE_RECURSION = YES;
				CLANG_WARN_INT_CONVERSION = YES;
				CLANG_WARN_NON_LITERAL_NULL_CONVERSION = YES;
				CLANG_WARN_OBJC_IMPLICIT_RETAIN_SELF = YES;
				CLANG_WARN_OBJC_LITERAL_CONVERSION = YES;
				CLANG_WARN_OBJC_ROOT_CLASS = YES_ERROR;
				CLANG_WARN_QUOTED_INCLUDE_IN_FRAMEWORK_HEADER = YES;
				CLANG_WARN_RANGE_LOOP_ANALYSIS = YES;
				CLANG_WARN_STRICT_PROTOTYPES = YES;
				CLANG_WARN_SUSPICIOUS_MOVE = YES;
				CLANG_WARN_UNGUARDED_AVAILABILITY = YES_AGGRESSIVE;
				CLANG_WARN_UNREACHABLE_CODE = YES;
				CLANG_WARN__DUPLICATE_METHOD_MATCH = YES;
				COPY_PHASE_STRIP = NO;
				DEBUG_INFORMATION_FORMAT = "dwarf-with-dsym";
				ENABLE_NS_ASSERTIONS = NO;
				ENABLE_STRICT_OBJC_MSGSEND = YES;
				GCC_C_LANGUAGE_STANDARD = gnu11;
				GCC_NO_COMMON_BLOCKS = YES;
				GCC_WARN_64_TO_32_BIT_CONVERSION = YES;
				GCC_WARN_ABOUT_RETURN_TYPE = YES_ERROR;
				GCC_WARN_UNDECLARED_SELECTOR = YES;
				GCC_WARN_UNINITIALIZED_AUTOS = YES_AGGRESSIVE;
				GCC_WARN_UNUSED_FUNCTION = YES;
				GCC_WARN_UNUSED_VARIABLE = YES;
				INFOPLIST_FILE = "HDWalletDemo/Supporting files/Info.plist";
				IPHONEOS_DEPLOYMENT_TARGET = 15.2;
				MTL_ENABLE_DEBUG_INFO = NO;
				MTL_FAST_MATH = YES;
				SDKROOT = iphoneos;
				SWIFT_COMPILATION_MODE = wholemodule;
				SWIFT_OPTIMIZATION_LEVEL = "-O";
				VALIDATE_PRODUCT = YES;
			};
			name = Release;
		};
		DA696D0827999B2D00801F0F /* Debug */ = {
			isa = XCBuildConfiguration;
			buildSettings = {
				ASSETCATALOG_COMPILER_APPICON_NAME = AppIcon;
				ASSETCATALOG_COMPILER_GLOBAL_ACCENT_COLOR_NAME = AccentColor;
				CODE_SIGN_STYLE = Automatic;
				CURRENT_PROJECT_VERSION = 1;
				DEVELOPMENT_TEAM = CZY8WA4VU7;
				GENERATE_INFOPLIST_FILE = YES;
				INFOPLIST_FILE = "HDWalletDemo/Supporting files/Info.plist";
				INFOPLIST_KEY_UIApplicationSupportsIndirectInputEvents = YES;
				INFOPLIST_KEY_UILaunchStoryboardName = LaunchScreen;
				INFOPLIST_KEY_UISupportedInterfaceOrientations_iPad = "UIInterfaceOrientationPortrait UIInterfaceOrientationPortraitUpsideDown UIInterfaceOrientationLandscapeLeft UIInterfaceOrientationLandscapeRight";
				INFOPLIST_KEY_UISupportedInterfaceOrientations_iPhone = "UIInterfaceOrientationPortrait UIInterfaceOrientationLandscapeLeft UIInterfaceOrientationLandscapeRight";
				LD_RUNPATH_SEARCH_PATHS = (
					"$(inherited)",
					"@executable_path/Frameworks",
				);
				MARKETING_VERSION = 1.0;
				PRODUCT_BUNDLE_IDENTIFIER = swiftyjacek.HDWalletDemo;
				PRODUCT_NAME = "$(TARGET_NAME)";
				SWIFT_EMIT_LOC_STRINGS = YES;
				SWIFT_VERSION = 5.0;
				TARGETED_DEVICE_FAMILY = "1,2";
			};
			name = Debug;
		};
		DA696D0927999B2D00801F0F /* Release */ = {
			isa = XCBuildConfiguration;
			buildSettings = {
				ASSETCATALOG_COMPILER_APPICON_NAME = AppIcon;
				ASSETCATALOG_COMPILER_GLOBAL_ACCENT_COLOR_NAME = AccentColor;
				CODE_SIGN_STYLE = Automatic;
				CURRENT_PROJECT_VERSION = 1;
				DEVELOPMENT_TEAM = CZY8WA4VU7;
				GENERATE_INFOPLIST_FILE = YES;
				INFOPLIST_FILE = "HDWalletDemo/Supporting files/Info.plist";
				INFOPLIST_KEY_UIApplicationSupportsIndirectInputEvents = YES;
				INFOPLIST_KEY_UILaunchStoryboardName = LaunchScreen;
				INFOPLIST_KEY_UISupportedInterfaceOrientations_iPad = "UIInterfaceOrientationPortrait UIInterfaceOrientationPortraitUpsideDown UIInterfaceOrientationLandscapeLeft UIInterfaceOrientationLandscapeRight";
				INFOPLIST_KEY_UISupportedInterfaceOrientations_iPhone = "UIInterfaceOrientationPortrait UIInterfaceOrientationLandscapeLeft UIInterfaceOrientationLandscapeRight";
				LD_RUNPATH_SEARCH_PATHS = (
					"$(inherited)",
					"@executable_path/Frameworks",
				);
				MARKETING_VERSION = 1.0;
				PRODUCT_BUNDLE_IDENTIFIER = swiftyjacek.HDWalletDemo;
				PRODUCT_NAME = "$(TARGET_NAME)";
				SWIFT_EMIT_LOC_STRINGS = YES;
				SWIFT_VERSION = 5.0;
				TARGETED_DEVICE_FAMILY = "1,2";
			};
			name = Release;
		};
/* End XCBuildConfiguration section */

/* Begin XCConfigurationList section */
		DA696CEE27999B2C00801F0F /* Build configuration list for PBXProject "HDWalletDemo" */ = {
			isa = XCConfigurationList;
			buildConfigurations = (
				DA696D0527999B2D00801F0F /* Debug */,
				DA696D0627999B2D00801F0F /* Release */,
			);
			defaultConfigurationIsVisible = 0;
			defaultConfigurationName = Release;
		};
		DA696D0727999B2D00801F0F /* Build configuration list for PBXNativeTarget "HDWalletDemo" */ = {
			isa = XCConfigurationList;
			buildConfigurations = (
				DA696D0827999B2D00801F0F /* Debug */,
				DA696D0927999B2D00801F0F /* Release */,
			);
			defaultConfigurationIsVisible = 0;
			defaultConfigurationName = Release;
		};
/* End XCConfigurationList section */

/* Begin XCRemoteSwiftPackageReference section */
		DA215FFF279B052F0076BBA0 /* XCRemoteSwiftPackageReference "XCoordinator" */ = {
			isa = XCRemoteSwiftPackageReference;
			repositoryURL = "https://github.com/quickbirdstudios/XCoordinator.git";
			requirement = {
				branch = master;
				kind = branch;
			};
		};
		DA216002279B05590076BBA0 /* XCRemoteSwiftPackageReference "web3swift" */ = {
			isa = XCRemoteSwiftPackageReference;
			repositoryURL = "https://github.com/skywinder/web3swift.git";
			requirement = {
				branch = master;
				kind = branch;
			};
		};
		DAA630F327A1968D004191DB /* XCRemoteSwiftPackageReference "keychain-swift" */ = {
			isa = XCRemoteSwiftPackageReference;
			repositoryURL = "https://github.com/evgenyneu/keychain-swift";
			requirement = {
				branch = master;
				kind = branch;
			};
		};
/* End XCRemoteSwiftPackageReference section */

/* Begin XCSwiftPackageProductDependency section */
		DA216000279B052F0076BBA0 /* XCoordinator */ = {
			isa = XCSwiftPackageProductDependency;
			package = DA215FFF279B052F0076BBA0 /* XCRemoteSwiftPackageReference "XCoordinator" */;
			productName = XCoordinator;
		};
		DA216003279B05590076BBA0 /* web3swift */ = {
			isa = XCSwiftPackageProductDependency;
			package = DA216002279B05590076BBA0 /* XCRemoteSwiftPackageReference "web3swift" */;
			productName = web3swift;
		};
		DAA630F427A1968D004191DB /* KeychainSwift */ = {
			isa = XCSwiftPackageProductDependency;
			package = DAA630F327A1968D004191DB /* XCRemoteSwiftPackageReference "keychain-swift" */;
			productName = KeychainSwift;
		};
/* End XCSwiftPackageProductDependency section */
	};
	rootObject = DA696CEB27999B2C00801F0F /* Project object */;
}
